PODS:
  - Alamofire (5.6.4)
  - Kingfisher (7.5.0)

DEPENDENCIES:
  - Alamofire
  - Kingfisher (~> 7.0)

SPEC REPOS:
  trunk:
    - Alamofire
    - Kingfisher

SPEC CHECKSUMS:
  Alamofire: 4e95d97098eacb88856099c4fc79b526a299e48c
  Kingfisher: b9c2a4a4af2990a768445c277359b27bde287d71

PODFILE CHECKSUM: 3a8338a8a52b371ed7ccc24bbe47bed96b3c2080

COCOAPODS: 1.11.3
