// !$*UTF8*$!
{
	archiveVersion = 1;
	classes = {
	};
	objectVersion = 55;
	objects = {

/* Begin PBXBuildFile section */
		A51787380850AD47AEF118B1 /* Pods_ToDoList_ToDoListUITests.framework in Frameworks */ = {isa = PBXBuildFile; fileRef = 865DC2AE6CC92A0FF1E0E89C /* Pods_ToDoList_ToDoListUITests.framework */; };
		ACBC52867D56DBBEFE688C88 /* Pods_ToDoListTests.framework in Frameworks */ = {isa = PBXBuildFile; fileRef = C7155947B08D12B23BD6EB59 /* Pods_ToDoListTests.framework */; };
		D2C0C9B79CBB3642051D2FCC /* Pods_ToDoList.framework in Frameworks */ = {isa = PBXBuildFile; fileRef = DBE2768B8706EFF129E1E27E /* Pods_ToDoList.framework */; };
		D301A55E296D19A700A8DF6F /* ToDoListApp.swift in Sources */ = {isa = PBXBuildFile; fileRef = D301A55D296D19A700A8DF6F /* ToDoListApp.swift */; };
		D301A560296D19A700A8DF6F /* ContentView.swift in Sources */ = {isa = PBXBuildFile; fileRef = D301A55F296D19A700A8DF6F /* ContentView.swift */; };
		D301A562296D19A800A8DF6F /* Assets.xcassets in Resources */ = {isa = PBXBuildFile; fileRef = D301A561296D19A800A8DF6F /* Assets.xcassets */; };
		D301A565296D19A800A8DF6F /* Preview Assets.xcassets in Resources */ = {isa = PBXBuildFile; fileRef = D301A564296D19A800A8DF6F /* Preview Assets.xcassets */; };
		D301A56F296D19A900A8DF6F /* ToDoListTests.swift in Sources */ = {isa = PBXBuildFile; fileRef = D301A56E296D19A900A8DF6F /* ToDoListTests.swift */; };
		D301A579296D19A900A8DF6F /* ToDoListUITests.swift in Sources */ = {isa = PBXBuildFile; fileRef = D301A578296D19A900A8DF6F /* ToDoListUITests.swift */; };
		D301A57B296D19A900A8DF6F /* ToDoListUITestsLaunchTests.swift in Sources */ = {isa = PBXBuildFile; fileRef = D301A57A296D19A900A8DF6F /* ToDoListUITestsLaunchTests.swift */; };
		D301A589296D209500A8DF6F /* ContentViewModel.swift in Sources */ = {isa = PBXBuildFile; fileRef = D301A588296D209500A8DF6F /* ContentViewModel.swift */; };
		D301A58D296D2FB000A8DF6F /* ProductCardView.swift in Sources */ = {isa = PBXBuildFile; fileRef = D301A58C296D2FB000A8DF6F /* ProductCardView.swift */; };
		D301A58F296D326200A8DF6F /* HomeView.swift in Sources */ = {isa = PBXBuildFile; fileRef = D301A58E296D326200A8DF6F /* HomeView.swift */; };
		D301A594296D391200A8DF6F /* Color+Extension.swift in Sources */ = {isa = PBXBuildFile; fileRef = D301A593296D391200A8DF6F /* Color+Extension.swift */; };
		D301A596296D3A3500A8DF6F /* ApiDataTesting.swift in Sources */ = {isa = PBXBuildFile; fileRef = D301A595296D3A3500A8DF6F /* ApiDataTesting.swift */; };
		D301A59B296D7F3700A8DF6F /* ProductDetailView.swift in Sources */ = {isa = PBXBuildFile; fileRef = D301A59A296D7F3700A8DF6F /* ProductDetailView.swift */; };
		D322E7E92986287E00F255CD /* AboutView.swift in Sources */ = {isa = PBXBuildFile; fileRef = D322E7E82986287E00F255CD /* AboutView.swift */; };
		D3541A5D2978EF1600226D7E /* User.swift in Sources */ = {isa = PBXBuildFile; fileRef = D3541A5C2978EF1600226D7E /* User.swift */; };
		D3541A612978F5B800226D7E /* LoginViewModel.swift in Sources */ = {isa = PBXBuildFile; fileRef = D3541A602978F5B800226D7E /* LoginViewModel.swift */; };
		D3541A652978F62100226D7E /* Product.swift in Sources */ = {isa = PBXBuildFile; fileRef = D3541A642978F62100226D7E /* Product.swift */; };
		D3541A672979023400226D7E /* SettingView.swift in Sources */ = {isa = PBXBuildFile; fileRef = D3541A662979023400226D7E /* SettingView.swift */; };
		D3541A69297902DD00226D7E /* SignInView.swift in Sources */ = {isa = PBXBuildFile; fileRef = D3541A68297902DD00226D7E /* SignInView.swift */; };
		D3541A6B29790EE000226D7E /* SignUpView.swift in Sources */ = {isa = PBXBuildFile; fileRef = D3541A6A29790EE000226D7E /* SignUpView.swift */; };
		D3541A6D297A70AF00226D7E /* CartView.swift in Sources */ = {isa = PBXBuildFile; fileRef = D3541A6C297A70AF00226D7E /* CartView.swift */; };
		D3541A6F297A742100226D7E /* CartViewModel.swift in Sources */ = {isa = PBXBuildFile; fileRef = D3541A6E297A742100226D7E /* CartViewModel.swift */; };
		D3541A71297BA0A000226D7E /* Cart.swift in Sources */ = {isa = PBXBuildFile; fileRef = D3541A70297BA0A000226D7E /* Cart.swift */; };
		D390554829767EBA00166467 /* CategoryView.swift in Sources */ = {isa = PBXBuildFile; fileRef = D390554729767EBA00166467 /* CategoryView.swift */; };
		D397F77E29838EC2005178DB /* FavouriteView.swift in Sources */ = {isa = PBXBuildFile; fileRef = D397F77D29838EC2005178DB /* FavouriteView.swift */; };
		D3F5819B2977A85C00BCE7AA /* SubCategoryView.swift in Sources */ = {isa = PBXBuildFile; fileRef = D3F5819A2977A85C00BCE7AA /* SubCategoryView.swift */; };
/* End PBXBuildFile section */

/* Begin PBXContainerItemProxy section */
		D301A56B296D19A900A8DF6F /* PBXContainerItemProxy */ = {
			isa = PBXContainerItemProxy;
			containerPortal = D301A552296D19A700A8DF6F /* Project object */;
			proxyType = 1;
			remoteGlobalIDString = D301A559296D19A700A8DF6F;
			remoteInfo = ToDoList;
		};
		D301A575296D19A900A8DF6F /* PBXContainerItemProxy */ = {
			isa = PBXContainerItemProxy;
			containerPortal = D301A552296D19A700A8DF6F /* Project object */;
			proxyType = 1;
			remoteGlobalIDString = D301A559296D19A700A8DF6F;
			remoteInfo = ToDoList;
		};
/* End PBXContainerItemProxy section */

/* Begin PBXFileReference section */
		01A570B4D682606391FE07A2 /* Pods-ToDoList.debug.xcconfig */ = {isa = PBXFileReference; includeInIndex = 1; lastKnownFileType = text.xcconfig; name = "Pods-ToDoList.debug.xcconfig"; path = "Target Support Files/Pods-ToDoList/Pods-ToDoList.debug.xcconfig"; sourceTree = "<group>"; };
		0394E2026894B04C244D478F /* Pods-ToDoList.release.xcconfig */ = {isa = PBXFileReference; includeInIndex = 1; lastKnownFileType = text.xcconfig; name = "Pods-ToDoList.release.xcconfig"; path = "Target Support Files/Pods-ToDoList/Pods-ToDoList.release.xcconfig"; sourceTree = "<group>"; };
		0876CFF539228572045B3067 /* Pods-ToDoListTests.debug.xcconfig */ = {isa = PBXFileReference; includeInIndex = 1; lastKnownFileType = text.xcconfig; name = "Pods-ToDoListTests.debug.xcconfig"; path = "Target Support Files/Pods-ToDoListTests/Pods-ToDoListTests.debug.xcconfig"; sourceTree = "<group>"; };
		4FEB100A60711CBDC29FA376 /* Pods-ToDoList-ToDoListUITests.release.xcconfig */ = {isa = PBXFileReference; includeInIndex = 1; lastKnownFileType = text.xcconfig; name = "Pods-ToDoList-ToDoListUITests.release.xcconfig"; path = "Target Support Files/Pods-ToDoList-ToDoListUITests/Pods-ToDoList-ToDoListUITests.release.xcconfig"; sourceTree = "<group>"; };
		7C11300193BBD6F7A15C727E /* Pods-ToDoListTests.release.xcconfig */ = {isa = PBXFileReference; includeInIndex = 1; lastKnownFileType = text.xcconfig; name = "Pods-ToDoListTests.release.xcconfig"; path = "Target Support Files/Pods-ToDoListTests/Pods-ToDoListTests.release.xcconfig"; sourceTree = "<group>"; };
		865DC2AE6CC92A0FF1E0E89C /* Pods_ToDoList_ToDoListUITests.framework */ = {isa = PBXFileReference; explicitFileType = wrapper.framework; includeInIndex = 0; path = Pods_ToDoList_ToDoListUITests.framework; sourceTree = BUILT_PRODUCTS_DIR; };
		8DAFA29F21304FA2FC0C3D4C /* Pods-ToDoList-ToDoListUITests.debug.xcconfig */ = {isa = PBXFileReference; includeInIndex = 1; lastKnownFileType = text.xcconfig; name = "Pods-ToDoList-ToDoListUITests.debug.xcconfig"; path = "Target Support Files/Pods-ToDoList-ToDoListUITests/Pods-ToDoList-ToDoListUITests.debug.xcconfig"; sourceTree = "<group>"; };
		C7155947B08D12B23BD6EB59 /* Pods_ToDoListTests.framework */ = {isa = PBXFileReference; explicitFileType = wrapper.framework; includeInIndex = 0; path = Pods_ToDoListTests.framework; sourceTree = BUILT_PRODUCTS_DIR; };
		D301A55A296D19A700A8DF6F /* ToDoList.app */ = {isa = PBXFileReference; explicitFileType = wrapper.application; includeInIndex = 0; path = ToDoList.app; sourceTree = BUILT_PRODUCTS_DIR; };
		D301A55D296D19A700A8DF6F /* ToDoListApp.swift */ = {isa = PBXFileReference; lastKnownFileType = sourcecode.swift; path = ToDoListApp.swift; sourceTree = "<group>"; };
		D301A55F296D19A700A8DF6F /* ContentView.swift */ = {isa = PBXFileReference; lastKnownFileType = sourcecode.swift; path = ContentView.swift; sourceTree = "<group>"; };
		D301A561296D19A800A8DF6F /* Assets.xcassets */ = {isa = PBXFileReference; lastKnownFileType = folder.assetcatalog; path = Assets.xcassets; sourceTree = "<group>"; };
		D301A564296D19A800A8DF6F /* Preview Assets.xcassets */ = {isa = PBXFileReference; lastKnownFileType = folder.assetcatalog; path = "Preview Assets.xcassets"; sourceTree = "<group>"; };
		D301A56A296D19A900A8DF6F /* ToDoListTests.xctest */ = {isa = PBXFileReference; explicitFileType = wrapper.cfbundle; includeInIndex = 0; path = ToDoListTests.xctest; sourceTree = BUILT_PRODUCTS_DIR; };
		D301A56E296D19A900A8DF6F /* ToDoListTests.swift */ = {isa = PBXFileReference; lastKnownFileType = sourcecode.swift; path = ToDoListTests.swift; sourceTree = "<group>"; };
		D301A574296D19A900A8DF6F /* ToDoListUITests.xctest */ = {isa = PBXFileReference; explicitFileType = wrapper.cfbundle; includeInIndex = 0; path = ToDoListUITests.xctest; sourceTree = BUILT_PRODUCTS_DIR; };
		D301A578296D19A900A8DF6F /* ToDoListUITests.swift */ = {isa = PBXFileReference; lastKnownFileType = sourcecode.swift; path = ToDoListUITests.swift; sourceTree = "<group>"; };
		D301A57A296D19A900A8DF6F /* ToDoListUITestsLaunchTests.swift */ = {isa = PBXFileReference; lastKnownFileType = sourcecode.swift; path = ToDoListUITestsLaunchTests.swift; sourceTree = "<group>"; };
		D301A588296D209500A8DF6F /* ContentViewModel.swift */ = {isa = PBXFileReference; lastKnownFileType = sourcecode.swift; path = ContentViewModel.swift; sourceTree = "<group>"; };
		D301A58C296D2FB000A8DF6F /* ProductCardView.swift */ = {isa = PBXFileReference; lastKnownFileType = sourcecode.swift; path = ProductCardView.swift; sourceTree = "<group>"; };
		D301A58E296D326200A8DF6F /* HomeView.swift */ = {isa = PBXFileReference; lastKnownFileType = sourcecode.swift; path = HomeView.swift; sourceTree = "<group>"; };
		D301A593296D391200A8DF6F /* Color+Extension.swift */ = {isa = PBXFileReference; lastKnownFileType = sourcecode.swift; path = "Color+Extension.swift"; sourceTree = "<group>"; };
		D301A595296D3A3500A8DF6F /* ApiDataTesting.swift */ = {isa = PBXFileReference; lastKnownFileType = sourcecode.swift; path = ApiDataTesting.swift; sourceTree = "<group>"; };
		D301A59A296D7F3700A8DF6F /* ProductDetailView.swift */ = {isa = PBXFileReference; lastKnownFileType = sourcecode.swift; path = ProductDetailView.swift; sourceTree = "<group>"; };
		D322E7E82986287E00F255CD /* AboutView.swift */ = {isa = PBXFileReference; lastKnownFileType = sourcecode.swift; path = AboutView.swift; sourceTree = "<group>"; };
		D3541A5C2978EF1600226D7E /* User.swift */ = {isa = PBXFileReference; lastKnownFileType = sourcecode.swift; path = User.swift; sourceTree = "<group>"; };
		D3541A602978F5B800226D7E /* LoginViewModel.swift */ = {isa = PBXFileReference; lastKnownFileType = sourcecode.swift; path = LoginViewModel.swift; sourceTree = "<group>"; };
		D3541A642978F62100226D7E /* Product.swift */ = {isa = PBXFileReference; lastKnownFileType = sourcecode.swift; path = Product.swift; sourceTree = "<group>"; };
		D3541A662979023400226D7E /* SettingView.swift */ = {isa = PBXFileReference; lastKnownFileType = sourcecode.swift; path = SettingView.swift; sourceTree = "<group>"; };
		D3541A68297902DD00226D7E /* SignInView.swift */ = {isa = PBXFileReference; lastKnownFileType = sourcecode.swift; path = SignInView.swift; sourceTree = "<group>"; };
		D3541A6A29790EE000226D7E /* SignUpView.swift */ = {isa = PBXFileReference; lastKnownFileType = sourcecode.swift; path = SignUpView.swift; sourceTree = "<group>"; };
		D3541A6C297A70AF00226D7E /* CartView.swift */ = {isa = PBXFileReference; lastKnownFileType = sourcecode.swift; path = CartView.swift; sourceTree = "<group>"; };
		D3541A6E297A742100226D7E /* CartViewModel.swift */ = {isa = PBXFileReference; lastKnownFileType = sourcecode.swift; path = CartViewModel.swift; sourceTree = "<group>"; };
		D3541A70297BA0A000226D7E /* Cart.swift */ = {isa = PBXFileReference; lastKnownFileType = sourcecode.swift; path = Cart.swift; sourceTree = "<group>"; };
		D390554729767EBA00166467 /* CategoryView.swift */ = {isa = PBXFileReference; lastKnownFileType = sourcecode.swift; path = CategoryView.swift; sourceTree = "<group>"; };
		D397F77D29838EC2005178DB /* FavouriteView.swift */ = {isa = PBXFileReference; lastKnownFileType = sourcecode.swift; path = FavouriteView.swift; sourceTree = "<group>"; };
		D3F5819A2977A85C00BCE7AA /* SubCategoryView.swift */ = {isa = PBXFileReference; lastKnownFileType = sourcecode.swift; path = SubCategoryView.swift; sourceTree = "<group>"; };
		DBE2768B8706EFF129E1E27E /* Pods_ToDoList.framework */ = {isa = PBXFileReference; explicitFileType = wrapper.framework; includeInIndex = 0; path = Pods_ToDoList.framework; sourceTree = BUILT_PRODUCTS_DIR; };
/* End PBXFileReference section */

/* Begin PBXFrameworksBuildPhase section */
		D301A557296D19A700A8DF6F /* Frameworks */ = {
			isa = PBXFrameworksBuildPhase;
			buildActionMask = 2147483647;
			files = (
				D2C0C9B79CBB3642051D2FCC /* Pods_ToDoList.framework in Frameworks */,
			);
			runOnlyForDeploymentPostprocessing = 0;
		};
		D301A567296D19A900A8DF6F /* Frameworks */ = {
			isa = PBXFrameworksBuildPhase;
			buildActionMask = 2147483647;
			files = (
				ACBC52867D56DBBEFE688C88 /* Pods_ToDoListTests.framework in Frameworks */,
			);
			runOnlyForDeploymentPostprocessing = 0;
		};
		D301A571296D19A900A8DF6F /* Frameworks */ = {
			isa = PBXFrameworksBuildPhase;
			buildActionMask = 2147483647;
			files = (
				A51787380850AD47AEF118B1 /* Pods_ToDoList_ToDoListUITests.framework in Frameworks */,
			);
			runOnlyForDeploymentPostprocessing = 0;
		};
/* End PBXFrameworksBuildPhase section */

/* Begin PBXGroup section */
		24A338E302DFE5F701C02402 /* Pods */ = {
			isa = PBXGroup;
			children = (
				01A570B4D682606391FE07A2 /* Pods-ToDoList.debug.xcconfig */,
				0394E2026894B04C244D478F /* Pods-ToDoList.release.xcconfig */,
				8DAFA29F21304FA2FC0C3D4C /* Pods-ToDoList-ToDoListUITests.debug.xcconfig */,
				4FEB100A60711CBDC29FA376 /* Pods-ToDoList-ToDoListUITests.release.xcconfig */,
				0876CFF539228572045B3067 /* Pods-ToDoListTests.debug.xcconfig */,
				7C11300193BBD6F7A15C727E /* Pods-ToDoListTests.release.xcconfig */,
			);
			path = Pods;
			sourceTree = "<group>";
		};
		6DB1EF8A5C333B9BB3F039B6 /* Frameworks */ = {
			isa = PBXGroup;
			children = (
				DBE2768B8706EFF129E1E27E /* Pods_ToDoList.framework */,
				865DC2AE6CC92A0FF1E0E89C /* Pods_ToDoList_ToDoListUITests.framework */,
				C7155947B08D12B23BD6EB59 /* Pods_ToDoListTests.framework */,
			);
			name = Frameworks;
			sourceTree = "<group>";
		};
		D301A551296D19A700A8DF6F = {
			isa = PBXGroup;
			children = (
				D301A592296D390100A8DF6F /* Common */,
				D301A55C296D19A700A8DF6F /* ToDoList */,
				D301A56D296D19A900A8DF6F /* ToDoListTests */,
				D301A577296D19A900A8DF6F /* ToDoListUITests */,
				D301A55B296D19A700A8DF6F /* Products */,
				24A338E302DFE5F701C02402 /* Pods */,
				6DB1EF8A5C333B9BB3F039B6 /* Frameworks */,
			);
			sourceTree = "<group>";
		};
		D301A55B296D19A700A8DF6F /* Products */ = {
			isa = PBXGroup;
			children = (
				D301A55A296D19A700A8DF6F /* ToDoList.app */,
				D301A56A296D19A900A8DF6F /* ToDoListTests.xctest */,
				D301A574296D19A900A8DF6F /* ToDoListUITests.xctest */,
			);
			name = Products;
			sourceTree = "<group>";
		};
		D301A55C296D19A700A8DF6F /* ToDoList */ = {
			isa = PBXGroup;
			children = (
				D301A595296D3A3500A8DF6F /* ApiDataTesting.swift */,
				D3541A70297BA0A000226D7E /* Cart.swift */,
				D3541A6C297A70AF00226D7E /* CartView.swift */,
				D3541A6E297A742100226D7E /* CartViewModel.swift */,
				D390554729767EBA00166467 /* CategoryView.swift */,
				D301A55F296D19A700A8DF6F /* ContentView.swift */,
				D301A588296D209500A8DF6F /* ContentViewModel.swift */,
				D397F77D29838EC2005178DB /* FavouriteView.swift */,
				D301A58E296D326200A8DF6F /* HomeView.swift */,
				D3541A602978F5B800226D7E /* LoginViewModel.swift */,
				D301A563296D19A800A8DF6F /* Preview Content */,
				D3541A642978F62100226D7E /* Product.swift */,
				D322E7E82986287E00F255CD /* AboutView.swift */,
				D301A58C296D2FB000A8DF6F /* ProductCardView.swift */,
				D301A59A296D7F3700A8DF6F /* ProductDetailView.swift */,
				D3541A662979023400226D7E /* SettingView.swift */,
				D3541A68297902DD00226D7E /* SignInView.swift */,
				D3541A6A29790EE000226D7E /* SignUpView.swift */,
				D3F5819A2977A85C00BCE7AA /* SubCategoryView.swift */,
				D301A55D296D19A700A8DF6F /* ToDoListApp.swift */,
				D3541A5C2978EF1600226D7E /* User.swift */,
			);
			path = ToDoList;
			sourceTree = "<group>";
		};
		D301A563296D19A800A8DF6F /* Preview Content */ = {
			isa = PBXGroup;
			children = (
				D301A564296D19A800A8DF6F /* Preview Assets.xcassets */,
			);
			path = "Preview Content";
			sourceTree = "<group>";
		};
		D301A56D296D19A900A8DF6F /* ToDoListTests */ = {
			isa = PBXGroup;
			children = (
				D301A56E296D19A900A8DF6F /* ToDoListTests.swift */,
			);
			path = ToDoListTests;
			sourceTree = "<group>";
		};
		D301A577296D19A900A8DF6F /* ToDoListUITests */ = {
			isa = PBXGroup;
			children = (
				D301A578296D19A900A8DF6F /* ToDoListUITests.swift */,
				D301A57A296D19A900A8DF6F /* ToDoListUITestsLaunchTests.swift */,
			);
			path = ToDoListUITests;
			sourceTree = "<group>";
		};
		D301A592296D390100A8DF6F /* Common */ = {
			isa = PBXGroup;
			children = (
				D301A593296D391200A8DF6F /* Color+Extension.swift */,
				D301A561296D19A800A8DF6F /* Assets.xcassets */,
			);
			path = Common;
			sourceTree = "<group>";
		};
/* End PBXGroup section */

/* Begin PBXNativeTarget section */
		D301A559296D19A700A8DF6F /* ToDoList */ = {
			isa = PBXNativeTarget;
			buildConfigurationList = D301A57E296D19A900A8DF6F /* Build configuration list for PBXNativeTarget "ToDoList" */;
			buildPhases = (
				D538D84C231332987E3FFA7C /* [CP] Check Pods Manifest.lock */,
				D301A556296D19A700A8DF6F /* Sources */,
				D301A557296D19A700A8DF6F /* Frameworks */,
				D301A558296D19A700A8DF6F /* Resources */,
				D98461246A7976B67757EE91 /* [CP] Embed Pods Frameworks */,
			);
			buildRules = (
			);
			dependencies = (
			);
			name = ToDoList;
			productName = ToDoList;
			productReference = D301A55A296D19A700A8DF6F /* ToDoList.app */;
			productType = "com.apple.product-type.application";
		};
		D301A569296D19A900A8DF6F /* ToDoListTests */ = {
			isa = PBXNativeTarget;
			buildConfigurationList = D301A581296D19A900A8DF6F /* Build configuration list for PBXNativeTarget "ToDoListTests" */;
			buildPhases = (
				0642721DB2360F9D09152768 /* [CP] Check Pods Manifest.lock */,
				D301A566296D19A900A8DF6F /* Sources */,
				D301A567296D19A900A8DF6F /* Frameworks */,
				D301A568296D19A900A8DF6F /* Resources */,
			);
			buildRules = (
			);
			dependencies = (
				D301A56C296D19A900A8DF6F /* PBXTargetDependency */,
			);
			name = ToDoListTests;
			productName = ToDoListTests;
			productReference = D301A56A296D19A900A8DF6F /* ToDoListTests.xctest */;
			productType = "com.apple.product-type.bundle.unit-test";
		};
		D301A573296D19A900A8DF6F /* ToDoListUITests */ = {
			isa = PBXNativeTarget;
			buildConfigurationList = D301A584296D19A900A8DF6F /* Build configuration list for PBXNativeTarget "ToDoListUITests" */;
			buildPhases = (
				2624F7D512EA34661C393978 /* [CP] Check Pods Manifest.lock */,
				D301A570296D19A900A8DF6F /* Sources */,
				D301A571296D19A900A8DF6F /* Frameworks */,
				D301A572296D19A900A8DF6F /* Resources */,
				41965AD3C7B7EE1BE896A690 /* [CP] Embed Pods Frameworks */,
			);
			buildRules = (
			);
			dependencies = (
				D301A576296D19A900A8DF6F /* PBXTargetDependency */,
			);
			name = ToDoListUITests;
			productName = ToDoListUITests;
			productReference = D301A574296D19A900A8DF6F /* ToDoListUITests.xctest */;
			productType = "com.apple.product-type.bundle.ui-testing";
		};
/* End PBXNativeTarget section */

/* Begin PBXProject section */
		D301A552296D19A700A8DF6F /* Project object */ = {
			isa = PBXProject;
			attributes = {
				BuildIndependentTargetsInParallel = 1;
				LastSwiftUpdateCheck = 1320;
				LastUpgradeCheck = 1320;
				TargetAttributes = {
					D301A559296D19A700A8DF6F = {
						CreatedOnToolsVersion = 13.2;
					};
					D301A569296D19A900A8DF6F = {
						CreatedOnToolsVersion = 13.2;
						TestTargetID = D301A559296D19A700A8DF6F;
					};
					D301A573296D19A900A8DF6F = {
						CreatedOnToolsVersion = 13.2;
						TestTargetID = D301A559296D19A700A8DF6F;
					};
				};
			};
			buildConfigurationList = D301A555296D19A700A8DF6F /* Build configuration list for PBXProject "ToDoList" */;
			compatibilityVersion = "Xcode 13.0";
			developmentRegion = en;
			hasScannedForEncodings = 0;
			knownRegions = (
				en,
				Base,
			);
			mainGroup = D301A551296D19A700A8DF6F;
			productRefGroup = D301A55B296D19A700A8DF6F /* Products */;
			projectDirPath = "";
			projectRoot = "";
			targets = (
				D301A559296D19A700A8DF6F /* ToDoList */,
				D301A569296D19A900A8DF6F /* ToDoListTests */,
				D301A573296D19A900A8DF6F /* ToDoListUITests */,
			);
		};
/* End PBXProject section */

/* Begin PBXResourcesBuildPhase section */
		D301A558296D19A700A8DF6F /* Resources */ = {
			isa = PBXResourcesBuildPhase;
			buildActionMask = 2147483647;
			files = (
				D301A565296D19A800A8DF6F /* Preview Assets.xcassets in Resources */,
				D301A562296D19A800A8DF6F /* Assets.xcassets in Resources */,
			);
			runOnlyForDeploymentPostprocessing = 0;
		};
		D301A568296D19A900A8DF6F /* Resources */ = {
			isa = PBXResourcesBuildPhase;
			buildActionMask = 2147483647;
			files = (
			);
			runOnlyForDeploymentPostprocessing = 0;
		};
		D301A572296D19A900A8DF6F /* Resources */ = {
			isa = PBXResourcesBuildPhase;
			buildActionMask = 2147483647;
			files = (
			);
			runOnlyForDeploymentPostprocessing = 0;
		};
/* End PBXResourcesBuildPhase section */

/* Begin PBXShellScriptBuildPhase section */
		0642721DB2360F9D09152768 /* [CP] Check Pods Manifest.lock */ = {
			isa = PBXShellScriptBuildPhase;
			buildActionMask = 2147483647;
			files = (
			);
			inputFileListPaths = (
			);
			inputPaths = (
				"${PODS_PODFILE_DIR_PATH}/Podfile.lock",
				"${PODS_ROOT}/Manifest.lock",
			);
			name = "[CP] Check Pods Manifest.lock";
			outputFileListPaths = (
			);
			outputPaths = (
				"$(DERIVED_FILE_DIR)/Pods-ToDoListTests-checkManifestLockResult.txt",
			);
			runOnlyForDeploymentPostprocessing = 0;
			shellPath = /bin/sh;
			shellScript = "diff \"${PODS_PODFILE_DIR_PATH}/Podfile.lock\" \"${PODS_ROOT}/Manifest.lock\" > /dev/null\nif [ $? != 0 ] ; then\n    # print error to STDERR\n    echo \"error: The sandbox is not in sync with the Podfile.lock. Run 'pod install' or update your CocoaPods installation.\" >&2\n    exit 1\nfi\n# This output is used by Xcode 'outputs' to avoid re-running this script phase.\necho \"SUCCESS\" > \"${SCRIPT_OUTPUT_FILE_0}\"\n";
			showEnvVarsInLog = 0;
		};
		2624F7D512EA34661C393978 /* [CP] Check Pods Manifest.lock */ = {
			isa = PBXShellScriptBuildPhase;
			buildActionMask = 2147483647;
			files = (
			);
			inputFileListPaths = (
			);
			inputPaths = (
				"${PODS_PODFILE_DIR_PATH}/Podfile.lock",
				"${PODS_ROOT}/Manifest.lock",
			);
			name = "[CP] Check Pods Manifest.lock";
			outputFileListPaths = (
			);
			outputPaths = (
				"$(DERIVED_FILE_DIR)/Pods-ToDoList-ToDoListUITests-checkManifestLockResult.txt",
			);
			runOnlyForDeploymentPostprocessing = 0;
			shellPath = /bin/sh;
			shellScript = "diff \"${PODS_PODFILE_DIR_PATH}/Podfile.lock\" \"${PODS_ROOT}/Manifest.lock\" > /dev/null\nif [ $? != 0 ] ; then\n    # print error to STDERR\n    echo \"error: The sandbox is not in sync with the Podfile.lock. Run 'pod install' or update your CocoaPods installation.\" >&2\n    exit 1\nfi\n# This output is used by Xcode 'outputs' to avoid re-running this script phase.\necho \"SUCCESS\" > \"${SCRIPT_OUTPUT_FILE_0}\"\n";
			showEnvVarsInLog = 0;
		};
		41965AD3C7B7EE1BE896A690 /* [CP] Embed Pods Frameworks */ = {
			isa = PBXShellScriptBuildPhase;
			buildActionMask = 2147483647;
			files = (
			);
			inputFileListPaths = (
				"${PODS_ROOT}/Target Support Files/Pods-ToDoList-ToDoListUITests/Pods-ToDoList-ToDoListUITests-frameworks-${CONFIGURATION}-input-files.xcfilelist",
			);
			name = "[CP] Embed Pods Frameworks";
			outputFileListPaths = (
				"${PODS_ROOT}/Target Support Files/Pods-ToDoList-ToDoListUITests/Pods-ToDoList-ToDoListUITests-frameworks-${CONFIGURATION}-output-files.xcfilelist",
			);
			runOnlyForDeploymentPostprocessing = 0;
			shellPath = /bin/sh;
			shellScript = "\"${PODS_ROOT}/Target Support Files/Pods-ToDoList-ToDoListUITests/Pods-ToDoList-ToDoListUITests-frameworks.sh\"\n";
			showEnvVarsInLog = 0;
		};
		D538D84C231332987E3FFA7C /* [CP] Check Pods Manifest.lock */ = {
			isa = PBXShellScriptBuildPhase;
			buildActionMask = 2147483647;
			files = (
			);
			inputFileListPaths = (
			);
			inputPaths = (
				"${PODS_PODFILE_DIR_PATH}/Podfile.lock",
				"${PODS_ROOT}/Manifest.lock",
			);
			name = "[CP] Check Pods Manifest.lock";
			outputFileListPaths = (
			);
			outputPaths = (
				"$(DERIVED_FILE_DIR)/Pods-ToDoList-checkManifestLockResult.txt",
			);
			runOnlyForDeploymentPostprocessing = 0;
			shellPath = /bin/sh;
			shellScript = "diff \"${PODS_PODFILE_DIR_PATH}/Podfile.lock\" \"${PODS_ROOT}/Manifest.lock\" > /dev/null\nif [ $? != 0 ] ; then\n    # print error to STDERR\n    echo \"error: The sandbox is not in sync with the Podfile.lock. Run 'pod install' or update your CocoaPods installation.\" >&2\n    exit 1\nfi\n# This output is used by Xcode 'outputs' to avoid re-running this script phase.\necho \"SUCCESS\" > \"${SCRIPT_OUTPUT_FILE_0}\"\n";
			showEnvVarsInLog = 0;
		};
		D98461246A7976B67757EE91 /* [CP] Embed Pods Frameworks */ = {
			isa = PBXShellScriptBuildPhase;
			buildActionMask = 2147483647;
			files = (
			);
			inputFileListPaths = (
				"${PODS_ROOT}/Target Support Files/Pods-ToDoList/Pods-ToDoList-frameworks-${CONFIGURATION}-input-files.xcfilelist",
			);
			name = "[CP] Embed Pods Frameworks";
			outputFileListPaths = (
				"${PODS_ROOT}/Target Support Files/Pods-ToDoList/Pods-ToDoList-frameworks-${CONFIGURATION}-output-files.xcfilelist",
			);
			runOnlyForDeploymentPostprocessing = 0;
			shellPath = /bin/sh;
			shellScript = "\"${PODS_ROOT}/Target Support Files/Pods-ToDoList/Pods-ToDoList-frameworks.sh\"\n";
			showEnvVarsInLog = 0;
		};
/* End PBXShellScriptBuildPhase section */

/* Begin PBXSourcesBuildPhase section */
		D301A556296D19A700A8DF6F /* Sources */ = {
			isa = PBXSourcesBuildPhase;
			buildActionMask = 2147483647;
			files = (
				D301A560296D19A700A8DF6F /* ContentView.swift in Sources */,
				D322E7E92986287E00F255CD /* AboutView.swift in Sources */,
				D301A596296D3A3500A8DF6F /* ApiDataTesting.swift in Sources */,
				D3541A71297BA0A000226D7E /* Cart.swift in Sources */,
				D390554829767EBA00166467 /* CategoryView.swift in Sources */,
				D3541A672979023400226D7E /* SettingView.swift in Sources */,
				D301A594296D391200A8DF6F /* Color+Extension.swift in Sources */,
				D301A55E296D19A700A8DF6F /* ToDoListApp.swift in Sources */,
				D3541A6F297A742100226D7E /* CartViewModel.swift in Sources */,
				D397F77E29838EC2005178DB /* FavouriteView.swift in Sources */,
				D301A589296D209500A8DF6F /* ContentViewModel.swift in Sources */,
				D301A58F296D326200A8DF6F /* HomeView.swift in Sources */,
				D301A58D296D2FB000A8DF6F /* ProductCardView.swift in Sources */,
				D3541A69297902DD00226D7E /* SignInView.swift in Sources */,
				D3541A6D297A70AF00226D7E /* CartView.swift in Sources */,
				D3541A612978F5B800226D7E /* LoginViewModel.swift in Sources */,
				D3541A5D2978EF1600226D7E /* User.swift in Sources */,
				D3541A6B29790EE000226D7E /* SignUpView.swift in Sources */,
				D301A59B296D7F3700A8DF6F /* ProductDetailView.swift in Sources */,
				D3F5819B2977A85C00BCE7AA /* SubCategoryView.swift in Sources */,
				D3541A652978F62100226D7E /* Product.swift in Sources */,
			);
			runOnlyForDeploymentPostprocessing = 0;
		};
		D301A566296D19A900A8DF6F /* Sources */ = {
			isa = PBXSourcesBuildPhase;
			buildActionMask = 2147483647;
			files = (
				D301A56F296D19A900A8DF6F /* ToDoListTests.swift in Sources */,
			);
			runOnlyForDeploymentPostprocessing = 0;
		};
		D301A570296D19A900A8DF6F /* Sources */ = {
			isa = PBXSourcesBuildPhase;
			buildActionMask = 2147483647;
			files = (
				D301A57B296D19A900A8DF6F /* ToDoListUITestsLaunchTests.swift in Sources */,
				D301A579296D19A900A8DF6F /* ToDoListUITests.swift in Sources */,
			);
			runOnlyForDeploymentPostprocessing = 0;
		};
/* End PBXSourcesBuildPhase section */

/* Begin PBXTargetDependency section */
		D301A56C296D19A900A8DF6F /* PBXTargetDependency */ = {
			isa = PBXTargetDependency;
			target = D301A559296D19A700A8DF6F /* ToDoList */;
			targetProxy = D301A56B296D19A900A8DF6F /* PBXContainerItemProxy */;
		};
		D301A576296D19A900A8DF6F /* PBXTargetDependency */ = {
			isa = PBXTargetDependency;
			target = D301A559296D19A700A8DF6F /* ToDoList */;
			targetProxy = D301A575296D19A900A8DF6F /* PBXContainerItemProxy */;
		};
/* End PBXTargetDependency section */

/* Begin XCBuildConfiguration section */
		D301A57C296D19A900A8DF6F /* Debug */ = {
			isa = XCBuildConfiguration;
			buildSettings = {
				ALWAYS_SEARCH_USER_PATHS = NO;
				CLANG_ANALYZER_NONNULL = YES;
				CLANG_ANALYZER_NUMBER_OBJECT_CONVERSION = YES_AGGRESSIVE;
				CLANG_CXX_LANGUAGE_STANDARD = "gnu++17";
				CLANG_CXX_LIBRARY = "libc++";
				CLANG_ENABLE_MODULES = YES;
				CLANG_ENABLE_OBJC_ARC = YES;
				CLANG_ENABLE_OBJC_WEAK = YES;
				CLANG_WARN_BLOCK_CAPTURE_AUTORELEASING = YES;
				CLANG_WARN_BOOL_CONVERSION = YES;
				CLANG_WARN_COMMA = YES;
				CLANG_WARN_CONSTANT_CONVERSION = YES;
				CLANG_WARN_DEPRECATED_OBJC_IMPLEMENTATIONS = YES;
				CLANG_WARN_DIRECT_OBJC_ISA_USAGE = YES_ERROR;
				CLANG_WARN_DOCUMENTATION_COMMENTS = YES;
				CLANG_WARN_EMPTY_BODY = YES;
				CLANG_WARN_ENUM_CONVERSION = YES;
				CLANG_WARN_INFINITE_RECURSION = YES;
				CLANG_WARN_INT_CONVERSION = YES;
				CLANG_WARN_NON_LITERAL_NULL_CONVERSION = YES;
				CLANG_WARN_OBJC_IMPLICIT_RETAIN_SELF = YES;
				CLANG_WARN_OBJC_LITERAL_CONVERSION = YES;
				CLANG_WARN_OBJC_ROOT_CLASS = YES_ERROR;
				CLANG_WARN_QUOTED_INCLUDE_IN_FRAMEWORK_HEADER = YES;
				CLANG_WARN_RANGE_LOOP_ANALYSIS = YES;
				CLANG_WARN_STRICT_PROTOTYPES = YES;
				CLANG_WARN_SUSPICIOUS_MOVE = YES;
				CLANG_WARN_UNGUARDED_AVAILABILITY = YES_AGGRESSIVE;
				CLANG_WARN_UNREACHABLE_CODE = YES;
				CLANG_WARN__DUPLICATE_METHOD_MATCH = YES;
				COPY_PHASE_STRIP = NO;
				DEBUG_INFORMATION_FORMAT = dwarf;
				ENABLE_STRICT_OBJC_MSGSEND = YES;
				ENABLE_TESTABILITY = YES;
				GCC_C_LANGUAGE_STANDARD = gnu11;
				GCC_DYNAMIC_NO_PIC = NO;
				GCC_NO_COMMON_BLOCKS = YES;
				GCC_OPTIMIZATION_LEVEL = 0;
				GCC_PREPROCESSOR_DEFINITIONS = (
					"DEBUG=1",
					"$(inherited)",
				);
				GCC_WARN_64_TO_32_BIT_CONVERSION = YES;
				GCC_WARN_ABOUT_RETURN_TYPE = YES_ERROR;
				GCC_WARN_UNDECLARED_SELECTOR = YES;
				GCC_WARN_UNINITIALIZED_AUTOS = YES_AGGRESSIVE;
				GCC_WARN_UNUSED_FUNCTION = YES;
				GCC_WARN_UNUSED_VARIABLE = YES;
				IPHONEOS_DEPLOYMENT_TARGET = 15.2;
				MTL_ENABLE_DEBUG_INFO = INCLUDE_SOURCE;
				MTL_FAST_MATH = YES;
				ONLY_ACTIVE_ARCH = YES;
				SDKROOT = iphoneos;
				SWIFT_ACTIVE_COMPILATION_CONDITIONS = DEBUG;
				SWIFT_OPTIMIZATION_LEVEL = "-Onone";
			};
			name = Debug;
		};
		D301A57D296D19A900A8DF6F /* Release */ = {
			isa = XCBuildConfiguration;
			buildSettings = {
				ALWAYS_SEARCH_USER_PATHS = NO;
				CLANG_ANALYZER_NONNULL = YES;
				CLANG_ANALYZER_NUMBER_OBJECT_CONVERSION = YES_AGGRESSIVE;
				CLANG_CXX_LANGUAGE_STANDARD = "gnu++17";
				CLANG_CXX_LIBRARY = "libc++";
				CLANG_ENABLE_MODULES = YES;
				CLANG_ENABLE_OBJC_ARC = YES;
				CLANG_ENABLE_OBJC_WEAK = YES;
				CLANG_WARN_BLOCK_CAPTURE_AUTORELEASING = YES;
				CLANG_WARN_BOOL_CONVERSION = YES;
				CLANG_WARN_COMMA = YES;
				CLANG_WARN_CONSTANT_CONVERSION = YES;
				CLANG_WARN_DEPRECATED_OBJC_IMPLEMENTATIONS = YES;
				CLANG_WARN_DIRECT_OBJC_ISA_USAGE = YES_ERROR;
				CLANG_WARN_DOCUMENTATION_COMMENTS = YES;
				CLANG_WARN_EMPTY_BODY = YES;
				CLANG_WARN_ENUM_CONVERSION = YES;
				CLANG_WARN_INFINITE_RECURSION = YES;
				CLANG_WARN_INT_CONVERSION = YES;
				CLANG_WARN_NON_LITERAL_NULL_CONVERSION = YES;
				CLANG_WARN_OBJC_IMPLICIT_RETAIN_SELF = YES;
				CLANG_WARN_OBJC_LITERAL_CONVERSION = YES;
				CLANG_WARN_OBJC_ROOT_CLASS = YES_ERROR;
				CLANG_WARN_QUOTED_INCLUDE_IN_FRAMEWORK_HEADER = YES;
				CLANG_WARN_RANGE_LOOP_ANALYSIS = YES;
				CLANG_WARN_STRICT_PROTOTYPES = YES;
				CLANG_WARN_SUSPICIOUS_MOVE = YES;
				CLANG_WARN_UNGUARDED_AVAILABILITY = YES_AGGRESSIVE;
				CLANG_WARN_UNREACHABLE_CODE = YES;
				CLANG_WARN__DUPLICATE_METHOD_MATCH = YES;
				COPY_PHASE_STRIP = NO;
				DEBUG_INFORMATION_FORMAT = "dwarf-with-dsym";
				ENABLE_NS_ASSERTIONS = NO;
				ENABLE_STRICT_OBJC_MSGSEND = YES;
				GCC_C_LANGUAGE_STANDARD = gnu11;
				GCC_NO_COMMON_BLOCKS = YES;
				GCC_WARN_64_TO_32_BIT_CONVERSION = YES;
				GCC_WARN_ABOUT_RETURN_TYPE = YES_ERROR;
				GCC_WARN_UNDECLARED_SELECTOR = YES;
				GCC_WARN_UNINITIALIZED_AUTOS = YES_AGGRESSIVE;
				GCC_WARN_UNUSED_FUNCTION = YES;
				GCC_WARN_UNUSED_VARIABLE = YES;
				IPHONEOS_DEPLOYMENT_TARGET = 15.2;
				MTL_ENABLE_DEBUG_INFO = NO;
				MTL_FAST_MATH = YES;
				SDKROOT = iphoneos;
				SWIFT_COMPILATION_MODE = wholemodule;
				SWIFT_OPTIMIZATION_LEVEL = "-O";
				VALIDATE_PRODUCT = YES;
			};
			name = Release;
		};
		D301A57F296D19A900A8DF6F /* Debug */ = {
			isa = XCBuildConfiguration;
			baseConfigurationReference = 01A570B4D682606391FE07A2 /* Pods-ToDoList.debug.xcconfig */;
			buildSettings = {
				ASSETCATALOG_COMPILER_APPICON_NAME = AppIcon;
				ASSETCATALOG_COMPILER_GLOBAL_ACCENT_COLOR_NAME = AccentColor;
				CODE_SIGN_STYLE = Automatic;
				CURRENT_PROJECT_VERSION = 1;
				DEVELOPMENT_ASSET_PATHS = "\"ToDoList/Preview Content\"";
				DEVELOPMENT_TEAM = U496GYFZ39;
				ENABLE_PREVIEWS = YES;
				GENERATE_INFOPLIST_FILE = YES;
				INFOPLIST_KEY_UIApplicationSceneManifest_Generation = YES;
				INFOPLIST_KEY_UIApplicationSupportsIndirectInputEvents = YES;
				INFOPLIST_KEY_UILaunchScreen_Generation = YES;
				INFOPLIST_KEY_UISupportedInterfaceOrientations_iPad = "UIInterfaceOrientationPortrait UIInterfaceOrientationPortraitUpsideDown UIInterfaceOrientationLandscapeLeft UIInterfaceOrientationLandscapeRight";
				INFOPLIST_KEY_UISupportedInterfaceOrientations_iPhone = "UIInterfaceOrientationPortrait UIInterfaceOrientationLandscapeLeft UIInterfaceOrientationLandscapeRight";
				LD_RUNPATH_SEARCH_PATHS = (
					"$(inherited)",
					"@executable_path/Frameworks",
				);
				MARKETING_VERSION = 1.0;
				PRODUCT_BUNDLE_IDENTIFIER = com.tedtya.ToDoList;
				PRODUCT_NAME = "$(TARGET_NAME)";
				SWIFT_EMIT_LOC_STRINGS = YES;
				SWIFT_VERSION = 5.0;
				TARGETED_DEVICE_FAMILY = "1,2";
			};
			name = Debug;
		};
		D301A580296D19A900A8DF6F /* Release */ = {
			isa = XCBuildConfiguration;
			baseConfigurationReference = 0394E2026894B04C244D478F /* Pods-ToDoList.release.xcconfig */;
			buildSettings = {
				ASSETCATALOG_COMPILER_APPICON_NAME = AppIcon;
				ASSETCATALOG_COMPILER_GLOBAL_ACCENT_COLOR_NAME = AccentColor;
				CODE_SIGN_STYLE = Automatic;
				CURRENT_PROJECT_VERSION = 1;
				DEVELOPMENT_ASSET_PATHS = "\"ToDoList/Preview Content\"";
				DEVELOPMENT_TEAM = U496GYFZ39;
				ENABLE_PREVIEWS = YES;
				GENERATE_INFOPLIST_FILE = YES;
				INFOPLIST_KEY_UIApplicationSceneManifest_Generation = YES;
				INFOPLIST_KEY_UIApplicationSupportsIndirectInputEvents = YES;
				INFOPLIST_KEY_UILaunchScreen_Generation = YES;
				INFOPLIST_KEY_UISupportedInterfaceOrientations_iPad = "UIInterfaceOrientationPortrait UIInterfaceOrientationPortraitUpsideDown UIInterfaceOrientationLandscapeLeft UIInterfaceOrientationLandscapeRight";
				INFOPLIST_KEY_UISupportedInterfaceOrientations_iPhone = "UIInterfaceOrientationPortrait UIInterfaceOrientationLandscapeLeft UIInterfaceOrientationLandscapeRight";
				LD_RUNPATH_SEARCH_PATHS = (
					"$(inherited)",
					"@executable_path/Frameworks",
				);
				MARKETING_VERSION = 1.0;
				PRODUCT_BUNDLE_IDENTIFIER = com.tedtya.ToDoList;
				PRODUCT_NAME = "$(TARGET_NAME)";
				SWIFT_EMIT_LOC_STRINGS = YES;
				SWIFT_VERSION = 5.0;
				TARGETED_DEVICE_FAMILY = "1,2";
			};
			name = Release;
		};
		D301A582296D19A900A8DF6F /* Debug */ = {
			isa = XCBuildConfiguration;
			baseConfigurationReference = 0876CFF539228572045B3067 /* Pods-ToDoListTests.debug.xcconfig */;
			buildSettings = {
				ALWAYS_EMBED_SWIFT_STANDARD_LIBRARIES = YES;
				BUNDLE_LOADER = "$(TEST_HOST)";
				CODE_SIGN_STYLE = Automatic;
				CURRENT_PROJECT_VERSION = 1;
				DEVELOPMENT_TEAM = U496GYFZ39;
				GENERATE_INFOPLIST_FILE = YES;
				IPHONEOS_DEPLOYMENT_TARGET = 15.2;
				MARKETING_VERSION = 1.0;
				PRODUCT_BUNDLE_IDENTIFIER = com.tedtya.ToDoListTests;
				PRODUCT_NAME = "$(TARGET_NAME)";
				SWIFT_EMIT_LOC_STRINGS = NO;
				SWIFT_VERSION = 5.0;
				TARGETED_DEVICE_FAMILY = "1,2";
				TEST_HOST = "$(BUILT_PRODUCTS_DIR)/ToDoList.app/ToDoList";
			};
			name = Debug;
		};
		D301A583296D19A900A8DF6F /* Release */ = {
			isa = XCBuildConfiguration;
			baseConfigurationReference = 7C11300193BBD6F7A15C727E /* Pods-ToDoListTests.release.xcconfig */;
			buildSettings = {
				ALWAYS_EMBED_SWIFT_STANDARD_LIBRARIES = YES;
				BUNDLE_LOADER = "$(TEST_HOST)";
				CODE_SIGN_STYLE = Automatic;
				CURRENT_PROJECT_VERSION = 1;
				DEVELOPMENT_TEAM = U496GYFZ39;
				GENERATE_INFOPLIST_FILE = YES;
				IPHONEOS_DEPLOYMENT_TARGET = 15.2;
				MARKETING_VERSION = 1.0;
				PRODUCT_BUNDLE_IDENTIFIER = com.tedtya.ToDoListTests;
				PRODUCT_NAME = "$(TARGET_NAME)";
				SWIFT_EMIT_LOC_STRINGS = NO;
				SWIFT_VERSION = 5.0;
				TARGETED_DEVICE_FAMILY = "1,2";
				TEST_HOST = "$(BUILT_PRODUCTS_DIR)/ToDoList.app/ToDoList";
			};
			name = Release;
		};
		D301A585296D19A900A8DF6F /* Debug */ = {
			isa = XCBuildConfiguration;
			baseConfigurationReference = 8DAFA29F21304FA2FC0C3D4C /* Pods-ToDoList-ToDoListUITests.debug.xcconfig */;
			buildSettings = {
				ALWAYS_EMBED_SWIFT_STANDARD_LIBRARIES = YES;
				CODE_SIGN_STYLE = Automatic;
				CURRENT_PROJECT_VERSION = 1;
				DEVELOPMENT_TEAM = U496GYFZ39;
				GENERATE_INFOPLIST_FILE = YES;
				MARKETING_VERSION = 1.0;
				PRODUCT_BUNDLE_IDENTIFIER = com.tedtya.ToDoListUITests;
				PRODUCT_NAME = "$(TARGET_NAME)";
				SWIFT_EMIT_LOC_STRINGS = NO;
				SWIFT_VERSION = 5.0;
				TARGETED_DEVICE_FAMILY = "1,2";
				TEST_TARGET_NAME = ToDoList;
			};
			name = Debug;
		};
		D301A586296D19A900A8DF6F /* Release */ = {
			isa = XCBuildConfiguration;
			baseConfigurationReference = 4FEB100A60711CBDC29FA376 /* Pods-ToDoList-ToDoListUITests.release.xcconfig */;
			buildSettings = {
				ALWAYS_EMBED_SWIFT_STANDARD_LIBRARIES = YES;
				CODE_SIGN_STYLE = Automatic;
				CURRENT_PROJECT_VERSION = 1;
				DEVELOPMENT_TEAM = U496GYFZ39;
				GENERATE_INFOPLIST_FILE = YES;
				MARKETING_VERSION = 1.0;
				PRODUCT_BUNDLE_IDENTIFIER = com.tedtya.ToDoListUITests;
				PRODUCT_NAME = "$(TARGET_NAME)";
				SWIFT_EMIT_LOC_STRINGS = NO;
				SWIFT_VERSION = 5.0;
				TARGETED_DEVICE_FAMILY = "1,2";
				TEST_TARGET_NAME = ToDoList;
			};
			name = Release;
		};
/* End XCBuildConfiguration section */

/* Begin XCConfigurationList section */
		D301A555296D19A700A8DF6F /* Build configuration list for PBXProject "ToDoList" */ = {
			isa = XCConfigurationList;
			buildConfigurations = (
				D301A57C296D19A900A8DF6F /* Debug */,
				D301A57D296D19A900A8DF6F /* Release */,
			);
			defaultConfigurationIsVisible = 0;
			defaultConfigurationName = Release;
		};
		D301A57E296D19A900A8DF6F /* Build configuration list for PBXNativeTarget "ToDoList" */ = {
			isa = XCConfigurationList;
			buildConfigurations = (
				D301A57F296D19A900A8DF6F /* Debug */,
				D301A580296D19A900A8DF6F /* Release */,
			);
			defaultConfigurationIsVisible = 0;
			defaultConfigurationName = Release;
		};
		D301A581296D19A900A8DF6F /* Build configuration list for PBXNativeTarget "ToDoListTests" */ = {
			isa = XCConfigurationList;
			buildConfigurations = (
				D301A582296D19A900A8DF6F /* Debug */,
				D301A583296D19A900A8DF6F /* Release */,
			);
			defaultConfigurationIsVisible = 0;
			defaultConfigurationName = Release;
		};
		D301A584296D19A900A8DF6F /* Build configuration list for PBXNativeTarget "ToDoListUITests" */ = {
			isa = XCConfigurationList;
			buildConfigurations = (
				D301A585296D19A900A8DF6F /* Debug */,
				D301A586296D19A900A8DF6F /* Release */,
			);
			defaultConfigurationIsVisible = 0;
			defaultConfigurationName = Release;
		};
/* End XCConfigurationList section */
	};
	rootObject = D301A552296D19A700A8DF6F /* Project object */;
}
